// !$*UTF8*$!
{
	archiveVersion = 1;
	classes = {
	};
	objectVersion = 50;
	objects = {

/* Begin PBXBuildFile section */
		755D24EC25CFB66F0056ED5D /* AppDelegate.swift in Sources */ = {isa = PBXBuildFile; fileRef = 755D24EB25CFB66F0056ED5D /* AppDelegate.swift */; };
		755D24EE25CFB66F0056ED5D /* SceneDelegate.swift in Sources */ = {isa = PBXBuildFile; fileRef = 755D24ED25CFB66F0056ED5D /* SceneDelegate.swift */; };
		755D24F025CFB66F0056ED5D /* ViewController.swift in Sources */ = {isa = PBXBuildFile; fileRef = 755D24EF25CFB66F0056ED5D /* ViewController.swift */; };
		755D24F325CFB66F0056ED5D /* Main.storyboard in Resources */ = {isa = PBXBuildFile; fileRef = 755D24F125CFB66F0056ED5D /* Main.storyboard */; };
		755D24F525CFB67D0056ED5D /* Assets.xcassets in Resources */ = {isa = PBXBuildFile; fileRef = 755D24F425CFB67D0056ED5D /* Assets.xcassets */; };
		755D24F825CFB67D0056ED5D /* LaunchScreen.storyboard in Resources */ = {isa = PBXBuildFile; fileRef = 755D24F625CFB67D0056ED5D /* LaunchScreen.storyboard */; };
/* End PBXBuildFile section */

/* Begin PBXFileReference section */
		755D24E825CFB66F0056ED5D /* SourceTreeGitPractice.app */ = {isa = PBXFileReference; explicitFileType = wrapper.application; includeInIndex = 0; path = SourceTreeGitPractice.app; sourceTree = BUILT_PRODUCTS_DIR; };
		755D24EB25CFB66F0056ED5D /* AppDelegate.swift */ = {isa = PBXFileReference; lastKnownFileType = sourcecode.swift; path = AppDelegate.swift; sourceTree = "<group>"; };
		755D24ED25CFB66F0056ED5D /* SceneDelegate.swift */ = {isa = PBXFileReference; lastKnownFileType = sourcecode.swift; path = SceneDelegate.swift; sourceTree = "<group>"; };
		755D24EF25CFB66F0056ED5D /* ViewController.swift */ = {isa = PBXFileReference; lastKnownFileType = sourcecode.swift; path = ViewController.swift; sourceTree = "<group>"; };
		755D24F225CFB66F0056ED5D /* Base */ = {isa = PBXFileReference; lastKnownFileType = file.storyboard; name = Base; path = Base.lproj/Main.storyboard; sourceTree = "<group>"; };
		755D24F425CFB67D0056ED5D /* Assets.xcassets */ = {isa = PBXFileReference; lastKnownFileType = folder.assetcatalog; path = Assets.xcassets; sourceTree = "<group>"; };
		755D24F725CFB67D0056ED5D /* Base */ = {isa = PBXFileReference; lastKnownFileType = file.storyboard; name = Base; path = Base.lproj/LaunchScreen.storyboard; sourceTree = "<group>"; };
		755D24F925CFB67D0056ED5D /* Info.plist */ = {isa = PBXFileReference; lastKnownFileType = text.plist.xml; path = Info.plist; sourceTree = "<group>"; };
/* End PBXFileReference section */

/* Begin PBXFrameworksBuildPhase section */
		755D24E525CFB66F0056ED5D /* Frameworks */ = {
			isa = PBXFrameworksBuildPhase;
			buildActionMask = 2147483647;
			files = (
			);
			runOnlyForDeploymentPostprocessing = 0;
		};
/* End PBXFrameworksBuildPhase section */

/* Begin PBXGroup section */
		755D24DF25CFB66E0056ED5D = {
			isa = PBXGroup;
			children = (
				755D24EA25CFB66F0056ED5D /* SourceTreeGitPractice */,
				755D24E925CFB66F0056ED5D /* Products */,
			);
			sourceTree = "<group>";
		};
		755D24E925CFB66F0056ED5D /* Products */ = {
			isa = PBXGroup;
			children = (
				755D24E825CFB66F0056ED5D /* SourceTreeGitPractice.app */,
			);
			name = Products;
			sourceTree = "<group>";
		};
		755D24EA25CFB66F0056ED5D /* SourceTreeGitPractice */ = {
			isa = PBXGroup;
			children = (
				755D24EB25CFB66F0056ED5D /* AppDelegate.swift */,
				755D24ED25CFB66F0056ED5D /* SceneDelegate.swift */,
				755D24EF25CFB66F0056ED5D /* ViewController.swift */,
				755D24F125CFB66F0056ED5D /* Main.storyboard */,
				755D24F425CFB67D0056ED5D /* Assets.xcassets */,
				755D24F625CFB67D0056ED5D /* LaunchScreen.storyboard */,
				755D24F925CFB67D0056ED5D /* Info.plist */,
			);
			path = SourceTreeGitPractice;
			sourceTree = "<group>";
		};
/* End PBXGroup section */

/* Begin PBXNativeTarget section */
		755D24E725CFB66F0056ED5D /* SourceTreeGitPractice */ = {
			isa = PBXNativeTarget;
			buildConfigurationList = 755D24FC25CFB67D0056ED5D /* Build configuration list for PBXNativeTarget "SourceTreeGitPractice" */;
			buildPhases = (
				755D24E425CFB66F0056ED5D /* Sources */,
				755D24E525CFB66F0056ED5D /* Frameworks */,
				755D24E625CFB66F0056ED5D /* Resources */,
			);
			buildRules = (
			);
			dependencies = (
			);
			name = SourceTreeGitPractice;
			productName = SourceTreeGitPractice;
			productReference = 755D24E825CFB66F0056ED5D /* SourceTreeGitPractice.app */;
			productType = "com.apple.product-type.application";
		};
/* End PBXNativeTarget section */

/* Begin PBXProject section */
		755D24E025CFB66E0056ED5D /* Project object */ = {
			isa = PBXProject;
			attributes = {
				LastSwiftUpdateCheck = 1230;
				LastUpgradeCheck = 1230;
				TargetAttributes = {
					755D24E725CFB66F0056ED5D = {
						CreatedOnToolsVersion = 12.3;
					};
				};
			};
			buildConfigurationList = 755D24E325CFB66E0056ED5D /* Build configuration list for PBXProject "SourceTreeGitPractice" */;
			compatibilityVersion = "Xcode 9.3";
			developmentRegion = en;
			hasScannedForEncodings = 0;
			knownRegions = (
				en,
				Base,
			);
			mainGroup = 755D24DF25CFB66E0056ED5D;
			productRefGroup = 755D24E925CFB66F0056ED5D /* Products */;
			projectDirPath = "";
			projectRoot = "";
			targets = (
				755D24E725CFB66F0056ED5D /* SourceTreeGitPractice */,
			);
		};
/* End PBXProject section */

/* Begin PBXResourcesBuildPhase section */
		755D24E625CFB66F0056ED5D /* Resources */ = {
			isa = PBXResourcesBuildPhase;
			buildActionMask = 2147483647;
			files = (
				755D24F825CFB67D0056ED5D /* LaunchScreen.storyboard in Resources */,
				755D24F525CFB67D0056ED5D /* Assets.xcassets in Resources */,
				755D24F325CFB66F0056ED5D /* Main.storyboard in Resources */,
			);
			runOnlyForDeploymentPostprocessing = 0;
		};
/* End PBXResourcesBuildPhase section */

/* Begin PBXSourcesBuildPhase section */
		755D24E425CFB66F0056ED5D /* Sources */ = {
			isa = PBXSourcesBuildPhase;
			buildActionMask = 2147483647;
			files = (
				755D24F025CFB66F0056ED5D /* ViewController.swift in Sources */,
				755D24EC25CFB66F0056ED5D /* AppDelegate.swift in Sources */,
				755D24EE25CFB66F0056ED5D /* SceneDelegate.swift in Sources */,
			);
			runOnlyForDeploymentPostprocessing = 0;
		};
/* End PBXSourcesBuildPhase section */

/* Begin PBXVariantGroup section */
		755D24F125CFB66F0056ED5D /* Main.storyboard */ = {
			isa = PBXVariantGroup;
			children = (
				755D24F225CFB66F0056ED5D /* Base */,
			);
			name = Main.storyboard;
			sourceTree = "<group>";
		};
		755D24F625CFB67D0056ED5D /* LaunchScreen.storyboard */ = {
			isa = PBXVariantGroup;
			children = (
				755D24F725CFB67D0056ED5D /* Base */,
			);
			name = LaunchScreen.storyboard;
			sourceTree = "<group>";
		};
/* End PBXVariantGroup section */

/* Begin XCBuildConfiguration section */
		755D24FA25CFB67D0056ED5D /* Debug */ = {
			isa = XCBuildConfiguration;
			buildSettings = {
				ALWAYS_SEARCH_USER_PATHS = NO;
				CLANG_ANALYZER_NONNULL = YES;
				CLANG_ANALYZER_NUMBER_OBJECT_CONVERSION = YES_AGGRESSIVE;
				CLANG_CXX_LANGUAGE_STANDARD = "gnu++14";
				CLANG_CXX_LIBRARY = "libc++";
				CLANG_ENABLE_MODULES = YES;
				CLANG_ENABLE_OBJC_ARC = YES;
				CLANG_ENABLE_OBJC_WEAK = YES;
				CLANG_WARN_BLOCK_CAPTURE_AUTORELEASING = YES;
				CLANG_WARN_BOOL_CONVERSION = YES;
				CLANG_WARN_COMMA = YES;
				CLANG_WARN_CONSTANT_CONVERSION = YES;
				CLANG_WARN_DEPRECATED_OBJC_IMPLEMENTATIONS = YES;
				CLANG_WARN_DIRECT_OBJC_ISA_USAGE = YES_ERROR;
				CLANG_WARN_DOCUMENTATION_COMMENTS = YES;
				CLANG_WARN_EMPTY_BODY = YES;
				CLANG_WARN_ENUM_CONVERSION = YES;
				CLANG_WARN_INFINITE_RECURSION = YES;
				CLANG_WARN_INT_CONVERSION = YES;
				CLANG_WARN_NON_LITERAL_NULL_CONVERSION = YES;
				CLANG_WARN_OBJC_IMPLICIT_RETAIN_SELF = YES;
				CLANG_WARN_OBJC_LITERAL_CONVERSION = YES;
				CLANG_WARN_OBJC_ROOT_CLASS = YES_ERROR;
				CLANG_WARN_QUOTED_INCLUDE_IN_FRAMEWORK_HEADER = YES;
				CLANG_WARN_RANGE_LOOP_ANALYSIS = YES;
				CLANG_WARN_STRICT_PROTOTYPES = YES;
				CLANG_WARN_SUSPICIOUS_MOVE = YES;
				CLANG_WARN_UNGUARDED_AVAILABILITY = YES_AGGRESSIVE;
				CLANG_WARN_UNREACHABLE_CODE = YES;
				CLANG_WARN__DUPLICATE_METHOD_MATCH = YES;
				COPY_PHASE_STRIP = NO;
				DEBUG_INFORMATION_FORMAT = dwarf;
				ENABLE_STRICT_OBJC_MSGSEND = YES;
				ENABLE_TESTABILITY = YES;
				GCC_C_LANGUAGE_STANDARD = gnu11;
				GCC_DYNAMIC_NO_PIC = NO;
				GCC_NO_COMMON_BLOCKS = YES;
				GCC_OPTIMIZATION_LEVEL = 0;
				GCC_PREPROCESSOR_DEFINITIONS = (
					"DEBUG=1",
					"$(inherited)",
				);
				GCC_WARN_64_TO_32_BIT_CONVERSION = YES;
				GCC_WARN_ABOUT_RETURN_TYPE = YES_ERROR;
				GCC_WARN_UNDECLARED_SELECTOR = YES;
				GCC_WARN_UNINITIALIZED_AUTOS = YES_AGGRESSIVE;
				GCC_WARN_UNUSED_FUNCTION = YES;
				GCC_WARN_UNUSED_VARIABLE = YES;
				IPHONEOS_DEPLOYMENT_TARGET = 14.3;
				MTL_ENABLE_DEBUG_INFO = INCLUDE_SOURCE;
				MTL_FAST_MATH = YES;
				ONLY_ACTIVE_ARCH = YES;
				SDKROOT = iphoneos;
				SWIFT_ACTIVE_COMPILATION_CONDITIONS = DEBUG;
				SWIFT_OPTIMIZATION_LEVEL = "-Onone";
			};
			name = Debug;
		};
		755D24FB25CFB67D0056ED5D /* Release */ = {
			isa = XCBuildConfiguration;
			buildSettings = {
				ALWAYS_SEARCH_USER_PATHS = NO;
				CLANG_ANALYZER_NONNULL = YES;
				CLANG_ANALYZER_NUMBER_OBJECT_CONVERSION = YES_AGGRESSIVE;
				CLANG_CXX_LANGUAGE_STANDARD = "gnu++14";
				CLANG_CXX_LIBRARY = "libc++";
				CLANG_ENABLE_MODULES = YES;
				CLANG_ENABLE_OBJC_ARC = YES;
				CLANG_ENABLE_OBJC_WEAK = YES;
				CLANG_WARN_BLOCK_CAPTURE_AUTORELEASING = YES;
				CLANG_WARN_BOOL_CONVERSION = YES;
				CLANG_WARN_COMMA = YES;
				CLANG_WARN_CONSTANT_CONVERSION = YES;
				CLANG_WARN_DEPRECATED_OBJC_IMPLEMENTATIONS = YES;
				CLANG_WARN_DIRECT_OBJC_ISA_USAGE = YES_ERROR;
				CLANG_WARN_DOCUMENTATION_COMMENTS = YES;
				CLANG_WARN_EMPTY_BODY = YES;
				CLANG_WARN_ENUM_CONVERSION = YES;
				CLANG_WARN_INFINITE_RECURSION = YES;
				CLANG_WARN_INT_CONVERSION = YES;
				CLANG_WARN_NON_LITERAL_NULL_CONVERSION = YES;
				CLANG_WARN_OBJC_IMPLICIT_RETAIN_SELF = YES;
				CLANG_WARN_OBJC_LITERAL_CONVERSION = YES;
				CLANG_WARN_OBJC_ROOT_CLASS = YES_ERROR;
				CLANG_WARN_QUOTED_INCLUDE_IN_FRAMEWORK_HEADER = YES;
				CLANG_WARN_RANGE_LOOP_ANALYSIS = YES;
				CLANG_WARN_STRICT_PROTOTYPES = YES;
				CLANG_WARN_SUSPICIOUS_MOVE = YES;
				CLANG_WARN_UNGUARDED_AVAILABILITY = YES_AGGRESSIVE;
				CLANG_WARN_UNREACHABLE_CODE = YES;
				CLANG_WARN__DUPLICATE_METHOD_MATCH = YES;
				COPY_PHASE_STRIP = NO;
				DEBUG_INFORMATION_FORMAT = "dwarf-with-dsym";
				ENABLE_NS_ASSERTIONS = NO;
				ENABLE_STRICT_OBJC_MSGSEND = YES;
				GCC_C_LANGUAGE_STANDARD = gnu11;
				GCC_NO_COMMON_BLOCKS = YES;
				GCC_WARN_64_TO_32_BIT_CONVERSION = YES;
				GCC_WARN_ABOUT_RETURN_TYPE = YES_ERROR;
				GCC_WARN_UNDECLARED_SELECTOR = YES;
				GCC_WARN_UNINITIALIZED_AUTOS = YES_AGGRESSIVE;
				GCC_WARN_UNUSED_FUNCTION = YES;
				GCC_WARN_UNUSED_VARIABLE = YES;
				IPHONEOS_DEPLOYMENT_TARGET = 14.3;
				MTL_ENABLE_DEBUG_INFO = NO;
				MTL_FAST_MATH = YES;
				SDKROOT = iphoneos;
				SWIFT_COMPILATION_MODE = wholemodule;
				SWIFT_OPTIMIZATION_LEVEL = "-O";
				VALIDATE_PRODUCT = YES;
			};
			name = Release;
		};
		755D24FD25CFB67D0056ED5D /* Debug */ = {
			isa = XCBuildConfiguration;
			buildSettings = {
				ASSETCATALOG_COMPILER_APPICON_NAME = AppIcon;
				ASSETCATALOG_COMPILER_GLOBAL_ACCENT_COLOR_NAME = AccentColor;
				CODE_SIGN_STYLE = Automatic;
				DEVELOPMENT_TEAM = N53995CJPD;
				INFOPLIST_FILE = SourceTreeGitPractice/Info.plist;
				LD_RUNPATH_SEARCH_PATHS = (
					"$(inherited)",
					"@executable_path/Frameworks",
				);
				PRODUCT_BUNDLE_IDENTIFIER = com.tatsuo.SourceTreeGitPractice;
				PRODUCT_NAME = "$(TARGET_NAME)";
				SWIFT_VERSION = 5.0;
				TARGETED_DEVICE_FAMILY = "1,2";
			};
			name = Debug;
		};
		755D24FE25CFB67D0056ED5D /* Release */ = {
			isa = XCBuildConfiguration;
			buildSettings = {
				ASSETCATALOG_COMPILER_APPICON_NAME = AppIcon;
				ASSETCATALOG_COMPILER_GLOBAL_ACCENT_COLOR_NAME = AccentColor;
				CODE_SIGN_STYLE = Automatic;
				DEVELOPMENT_TEAM = N53995CJPD;
				INFOPLIST_FILE = SourceTreeGitPractice/Info.plist;
				LD_RUNPATH_SEARCH_PATHS = (
					"$(inherited)",
					"@executable_path/Frameworks",
				);
				PRODUCT_BUNDLE_IDENTIFIER = com.tatsuo.SourceTreeGitPractice;
				PRODUCT_NAME = "$(TARGET_NAME)";
				SWIFT_VERSION = 5.0;
				TARGETED_DEVICE_FAMILY = "1,2";
			};
			name = Release;
		};
/* End XCBuildConfiguration section */

/* Begin XCConfigurationList section */
		755D24E325CFB66E0056ED5D /* Build configuration list for PBXProject "SourceTreeGitPractice" */ = {
			isa = XCConfigurationList;
			buildConfigurations = (
				755D24FA25CFB67D0056ED5D /* Debug */,
				755D24FB25CFB67D0056ED5D /* Release */,
			);
			defaultConfigurationIsVisible = 0;
			defaultConfigurationName = Release;
		};
		755D24FC25CFB67D0056ED5D /* Build configuration list for PBXNativeTarget "SourceTreeGitPractice" */ = {
			isa = XCConfigurationList;
			buildConfigurations = (
				755D24FD25CFB67D0056ED5D /* Debug */,
				755D24FE25CFB67D0056ED5D /* Release */,
			);
			defaultConfigurationIsVisible = 0;
			defaultConfigurationName = Release;
		};
/* End XCConfigurationList section */
	};
	rootObject = 755D24E025CFB66E0056ED5D /* Project object */;
}
